
Microsoft Visual Studio Solution File, Format Version 12.00
# Visual Studio 15
VisualStudioVersion = 15.0.28010.2041
MinimumVisualStudioVersion = 10.0.40219.1
Project("{8BC9CEB8-8B4A-11D0-8D11-00A0C91BC942}") = "_spout", "_spout.vcxproj", "{C3EB1B20-F86B-4623-B646-915B7137A98C}"
EndProject
Global
	GlobalSection(SolutionConfigurationPlatforms) = preSolution
		Debug|x64 = Debug|x64
		Debug|x86 = Debug|x86
		Release|x64 = Release|x64
		Release|x86 = Release|x86
		Static Release|x64 = Static Release|x64
		Static Release|x86 = Static Release|x86
	EndGlobalSection
	GlobalSection(ProjectConfigurationPlatforms) = postSolution
		{C3EB1B20-F86B-4623-B646-915B7137A98C}.Debug|x64.ActiveCfg = Debug|x64
		{C3EB1B20-F86B-4623-B646-915B7137A98C}.Debug|x64.Build.0 = Debug|x64
		{C3EB1B20-F86B-4623-B646-915B7137A98C}.Debug|x86.ActiveCfg = Debug|Win32
		{C3EB1B20-F86B-4623-B646-915B7137A98C}.Debug|x86.Build.0 = Debug|Win32
		{C3EB1B20-F86B-4623-B646-915B7137A98C}.Release|x64.ActiveCfg = Release|x64
		{C3EB1B20-F86B-4623-B646-915B7137A98C}.Release|x64.Build.0 = Release|x64
		{C3EB1B20-F86B-4623-B646-915B7137A98C}.Release|x86.ActiveCfg = Release|Win32
		{C3EB1B20-F86B-4623-B646-915B7137A98C}.Release|x86.Build.0 = Release|Win32
		{C3EB1B20-F86B-4623-B646-915B7137A98C}.Static Release|x64.ActiveCfg = Static Release|x64
		{C3EB1B20-F86B-4623-B646-915B7137A98C}.Static Release|x64.Build.0 = Static Release|x64
		{C3EB1B20-F86B-4623-B646-915B7137A98C}.Static Release|x86.ActiveCfg = Static Release|Win32
		{C3EB1B20-F86B-4623-B646-915B7137A98C}.Static Release|x86.Build.0 = Static Release|Win32
	EndGlobalSection
	GlobalSection(SolutionProperties) = preSolution
		HideSolutionNode = FALSE
	EndGlobalSection
	GlobalSection(ExtensibilityGlobals) = postSolution
		SolutionGuid = {CB5961D2-8B56-4E6B-B018-6AD7565CBBB4}
	EndGlobalSection
EndGlobal
